
Microsoft Visual Studio Solution File, Format Version 12.00
# Visual Studio Version 17
VisualStudioVersion = 17.4.33205.214
MinimumVisualStudioVersion = 10.0.40219.1
Project("{9A19103F-16F7-4668-BE54-9A1E7A4F7556}") = "Questionnaire", "Questionnaire\Questionnaire.csproj", "{F5A271B4-3C74-4565-921D-391120137BE9}"
EndProject
Project("{FAE04EC0-301F-11D3-BF4B-00C04F79EFBC}") = "QueraQuestions", "QueraQuestions\QueraQuestions.csproj", "{5279376B-A1A1-4F6E-B564-B6F612D7B96C}"
EndProject
Global
	GlobalSection(SolutionConfigurationPlatforms) = preSolution
		Debug|Any CPU = Debug|Any CPU
		Release|Any CPU = Release|Any CPU
	EndGlobalSection
	GlobalSection(ProjectConfigurationPlatforms) = postSolution
		{F5A271B4-3C74-4565-921D-391120137BE9}.Debug|Any CPU.ActiveCfg = Debug|Any CPU
		{F5A271B4-3C74-4565-921D-391120137BE9}.Debug|Any CPU.Build.0 = Debug|Any CPU
		{F5A271B4-3C74-4565-921D-391120137BE9}.Release|Any CPU.ActiveCfg = Release|Any CPU
		{F5A271B4-3C74-4565-921D-391120137BE9}.Release|Any CPU.Build.0 = Release|Any CPU
		{5279376B-A1A1-4F6E-B564-B6F612D7B96C}.Debug|Any CPU.ActiveCfg = Debug|Any CPU
		{5279376B-A1A1-4F6E-B564-B6F612D7B96C}.Debug|Any CPU.Build.0 = Debug|Any CPU
		{5279376B-A1A1-4F6E-B564-B6F612D7B96C}.Release|Any CPU.ActiveCfg = Release|Any CPU
		{5279376B-A1A1-4F6E-B564-B6F612D7B96C}.Release|Any CPU.Build.0 = Release|Any CPU
	EndGlobalSection
	GlobalSection(SolutionProperties) = preSolution
		HideSolutionNode = FALSE
	EndGlobalSection
	GlobalSection(ExtensibilityGlobals) = postSolution
		SolutionGuid = {63B09E29-8EFA-4A5E-9507-21CEEAE33E88}
	EndGlobalSection
EndGlobal
